
Microsoft Visual Studio Solution File, Format Version 12.00
# Visual Studio Version 16
VisualStudioVersion = 16.0.32901.82
MinimumVisualStudioVersion = 10.0.40219.1
Project("{FAE04EC0-301F-11D3-BF4B-00C04F79EFBC}") = "SYSBIBLIO", "SYSBIBLIO\SYSBIBLIO.csproj", "{813549B0-3F83-4A08-A762-E857DA9A59AA}"
EndProject
Global
	GlobalSection(SolutionConfigurationPlatforms) = preSolution
		Debug|Any CPU = Debug|Any CPU
		Release|Any CPU = Release|Any CPU
	EndGlobalSection
	GlobalSection(ProjectConfigurationPlatforms) = postSolution
		{813549B0-3F83-4A08-A762-E857DA9A59AA}.Debug|Any CPU.ActiveCfg = Debug|Any CPU
		{813549B0-3F83-4A08-A762-E857DA9A59AA}.Debug|Any CPU.Build.0 = Debug|Any CPU
		{813549B0-3F83-4A08-A762-E857DA9A59AA}.Release|Any CPU.ActiveCfg = Release|Any CPU
		{813549B0-3F83-4A08-A762-E857DA9A59AA}.Release|Any CPU.Build.0 = Release|Any CPU
	EndGlobalSection
	GlobalSection(SolutionProperties) = preSolution
		HideSolutionNode = FALSE
	EndGlobalSection
	GlobalSection(ExtensibilityGlobals) = postSolution
		SolutionGuid = {8860190D-4451-4E15-85DF-AE3633AF0D38}
	EndGlobalSection
EndGlobal
